
Microsoft Visual Studio Solution File, Format Version 12.00
# Visual Studio Version 16
VisualStudioVersion = 16.0.30804.86
MinimumVisualStudioVersion = 10.0.40219.1
Project("{2150E333-8FDC-42A3-9474-1A3956D46DE8}") = "Solution Items", "Solution Items", "{AB82436D-B3E0-4F47-8F07-C4E09BBC2C1A}"
	ProjectSection(SolutionItems) = preProject
		Day01.fsx = Day01.fsx
		Day02.fsx = Day02.fsx
		Day03.fsx = Day03.fsx
		Day04.fsx = Day04.fsx
		Day04Input.fsx = Day04Input.fsx
		Day05.fsx = Day05.fsx
		Day05Input.fsx = Day05Input.fsx
		Day06.fsx = Day06.fsx
		Day06Input.fsx = Day06Input.fsx
		Day07.fsx = Day07.fsx
		Day07Input.fsx = Day07Input.fsx
		Day08.fsx = Day08.fsx
		Day08Input.fsx = Day08Input.fsx
		Day09.fsx = Day09.fsx
		Day09Input.fsx = Day09Input.fsx
		Day10.fsx = Day10.fsx
		Day10Input.fsx = Day10Input.fsx
		Day11.fsx = Day11.fsx
		Day11Input.fsx = Day11Input.fsx
		Day12.fsx = Day12.fsx
		Day12Input.fsx = Day12Input.fsx
		Day13.fsx = Day13.fsx
		Day13Input.fsx = Day13Input.fsx
		Day14.fsx = Day14.fsx
		Day14Input.fsx = Day14Input.fsx
	EndProjectSection
EndProject
Global
	GlobalSection(SolutionProperties) = preSolution
		HideSolutionNode = FALSE
	EndGlobalSection
	GlobalSection(ExtensibilityGlobals) = postSolution
		SolutionGuid = {4BD0EFC3-4D48-4018-A264-044B31C6F460}
	EndGlobalSection
EndGlobal
